
Microsoft Visual Studio Solution File, Format Version 12.00
# Visual Studio 15
VisualStudioVersion = 15.0.27130.0
MinimumVisualStudioVersion = 10.0.40219.1
Project("{9092AA53-FB77-4645-B42D-1CCCA6BD08BD}") = "02. Expedition", "02. Expedition.njsproj", "{6B09C2F8-6794-45A2-8AC0-11630918F54D}"
EndProject
Global
	GlobalSection(SolutionConfigurationPlatforms) = preSolution
		Debug|Any CPU = Debug|Any CPU
		Release|Any CPU = Release|Any CPU
	EndGlobalSection
	GlobalSection(ProjectConfigurationPlatforms) = postSolution
		{6B09C2F8-6794-45A2-8AC0-11630918F54D}.Debug|Any CPU.ActiveCfg = Debug|Any CPU
		{6B09C2F8-6794-45A2-8AC0-11630918F54D}.Debug|Any CPU.Build.0 = Debug|Any CPU
		{6B09C2F8-6794-45A2-8AC0-11630918F54D}.Release|Any CPU.ActiveCfg = Release|Any CPU
		{6B09C2F8-6794-45A2-8AC0-11630918F54D}.Release|Any CPU.Build.0 = Release|Any CPU
	EndGlobalSection
	GlobalSection(SolutionProperties) = preSolution
		HideSolutionNode = FALSE
	EndGlobalSection
	GlobalSection(ExtensibilityGlobals) = postSolution
		SolutionGuid = {9921A165-56E5-4A95-A5BC-CEF6A4401C07}
	EndGlobalSection
EndGlobal
