
Microsoft Visual Studio Solution File, Format Version 12.00
# Visual Studio 15
VisualStudioVersion = 15.0.27130.0
MinimumVisualStudioVersion = 10.0.40219.1
Project("{9092AA53-FB77-4645-B42D-1CCCA6BD08BD}") = "04. Rest House", "04. Rest House.njsproj", "{D49620E0-7B60-4761-A265-B3CDBB2ED585}"
EndProject
Global
	GlobalSection(SolutionConfigurationPlatforms) = preSolution
		Debug|Any CPU = Debug|Any CPU
		Release|Any CPU = Release|Any CPU
	EndGlobalSection
	GlobalSection(ProjectConfigurationPlatforms) = postSolution
		{D49620E0-7B60-4761-A265-B3CDBB2ED585}.Debug|Any CPU.ActiveCfg = Debug|Any CPU
		{D49620E0-7B60-4761-A265-B3CDBB2ED585}.Debug|Any CPU.Build.0 = Debug|Any CPU
		{D49620E0-7B60-4761-A265-B3CDBB2ED585}.Release|Any CPU.ActiveCfg = Release|Any CPU
		{D49620E0-7B60-4761-A265-B3CDBB2ED585}.Release|Any CPU.Build.0 = Release|Any CPU
	EndGlobalSection
	GlobalSection(SolutionProperties) = preSolution
		HideSolutionNode = FALSE
	EndGlobalSection
	GlobalSection(ExtensibilityGlobals) = postSolution
		SolutionGuid = {AE8D4314-CC86-4CA0-B04F-31979307C240}
	EndGlobalSection
EndGlobal
